
Microsoft Visual Studio Solution File, Format Version 12.00
# Visual Studio Version 17
VisualStudioVersion = 17.9.34728.123
MinimumVisualStudioVersion = 10.0.40219.1
Project("{FAE04EC0-301F-11D3-BF4B-00C04F79EFBC}") = "Gateway.Api", "Gateway.Api\Gateway.Api.csproj", "{C5CB6F6A-9FA5-4BA5-B781-71AF04D037A7}"
EndProject
Project("{E53339B2-1760-4266-BCC7-CA923CBCF16C}") = "docker-compose", "docker-compose.dcproj", "{7ACB8ACD-E57E-4A99-952D-E2D5A20734FB}"
EndProject
Global
	GlobalSection(SolutionConfigurationPlatforms) = preSolution
		Debug|Any CPU = Debug|Any CPU
		Release|Any CPU = Release|Any CPU
	EndGlobalSection
	GlobalSection(ProjectConfigurationPlatforms) = postSolution
		{C5CB6F6A-9FA5-4BA5-B781-71AF04D037A7}.Debug|Any CPU.ActiveCfg = Debug|Any CPU
		{C5CB6F6A-9FA5-4BA5-B781-71AF04D037A7}.Debug|Any CPU.Build.0 = Debug|Any CPU
		{C5CB6F6A-9FA5-4BA5-B781-71AF04D037A7}.Release|Any CPU.ActiveCfg = Release|Any CPU
		{C5CB6F6A-9FA5-4BA5-B781-71AF04D037A7}.Release|Any CPU.Build.0 = Release|Any CPU
		{7ACB8ACD-E57E-4A99-952D-E2D5A20734FB}.Debug|Any CPU.ActiveCfg = Debug|Any CPU
		{7ACB8ACD-E57E-4A99-952D-E2D5A20734FB}.Debug|Any CPU.Build.0 = Debug|Any CPU
		{7ACB8ACD-E57E-4A99-952D-E2D5A20734FB}.Release|Any CPU.ActiveCfg = Release|Any CPU
		{7ACB8ACD-E57E-4A99-952D-E2D5A20734FB}.Release|Any CPU.Build.0 = Release|Any CPU
	EndGlobalSection
	GlobalSection(SolutionProperties) = preSolution
		HideSolutionNode = FALSE
	EndGlobalSection
	GlobalSection(ExtensibilityGlobals) = postSolution
		SolutionGuid = {862A8706-A411-4E44-BA5B-87E3C69EC9CC}
	EndGlobalSection
EndGlobal
